
Microsoft Visual Studio Solution File, Format Version 12.00
# Visual Studio 15
VisualStudioVersion = 15.0.28307.106
MinimumVisualStudioVersion = 10.0.40219.1
Project("{9A19103F-16F7-4668-BE54-9A1E7A4F7556}") = "P01.RhombusOfStars", "P01.RhombusOfStars\P01.RhombusOfStars.csproj", "{5C79FEE0-158B-47F4-A85A-239658C7EC39}"
EndProject
Project("{9A19103F-16F7-4668-BE54-9A1E7A4F7556}") = "P02.PointInRectangle", "P02.PointInRectangle\P02.PointInRectangle.csproj", "{001F7C91-925C-42F0-AF22-110A43048889}"
EndProject
Project("{9A19103F-16F7-4668-BE54-9A1E7A4F7556}") = "P04.HotelReservation", "P04.HotelReservation\P04.HotelReservation.csproj", "{056B28D5-AA62-497E-BE91-B661C8DB503F}"
EndProject
Project("{FAE04EC0-301F-11D3-BF4B-00C04F79EFBC}") = "P03.StudentSystemCatalog", "P03.StudentSystemCatalog\P03.StudentSystemCatalog.csproj", "{17F93307-4FE5-4588-B199-43B96600F98F}"
EndProject
Global
	GlobalSection(SolutionConfigurationPlatforms) = preSolution
		Debug|Any CPU = Debug|Any CPU
		Release|Any CPU = Release|Any CPU
	EndGlobalSection
	GlobalSection(ProjectConfigurationPlatforms) = postSolution
		{5C79FEE0-158B-47F4-A85A-239658C7EC39}.Debug|Any CPU.ActiveCfg = Debug|Any CPU
		{5C79FEE0-158B-47F4-A85A-239658C7EC39}.Debug|Any CPU.Build.0 = Debug|Any CPU
		{5C79FEE0-158B-47F4-A85A-239658C7EC39}.Release|Any CPU.ActiveCfg = Release|Any CPU
		{5C79FEE0-158B-47F4-A85A-239658C7EC39}.Release|Any CPU.Build.0 = Release|Any CPU
		{001F7C91-925C-42F0-AF22-110A43048889}.Debug|Any CPU.ActiveCfg = Debug|Any CPU
		{001F7C91-925C-42F0-AF22-110A43048889}.Debug|Any CPU.Build.0 = Debug|Any CPU
		{001F7C91-925C-42F0-AF22-110A43048889}.Release|Any CPU.ActiveCfg = Release|Any CPU
		{001F7C91-925C-42F0-AF22-110A43048889}.Release|Any CPU.Build.0 = Release|Any CPU
		{056B28D5-AA62-497E-BE91-B661C8DB503F}.Debug|Any CPU.ActiveCfg = Debug|Any CPU
		{056B28D5-AA62-497E-BE91-B661C8DB503F}.Debug|Any CPU.Build.0 = Debug|Any CPU
		{056B28D5-AA62-497E-BE91-B661C8DB503F}.Release|Any CPU.ActiveCfg = Release|Any CPU
		{056B28D5-AA62-497E-BE91-B661C8DB503F}.Release|Any CPU.Build.0 = Release|Any CPU
		{17F93307-4FE5-4588-B199-43B96600F98F}.Debug|Any CPU.ActiveCfg = Debug|Any CPU
		{17F93307-4FE5-4588-B199-43B96600F98F}.Debug|Any CPU.Build.0 = Debug|Any CPU
		{17F93307-4FE5-4588-B199-43B96600F98F}.Release|Any CPU.ActiveCfg = Release|Any CPU
		{17F93307-4FE5-4588-B199-43B96600F98F}.Release|Any CPU.Build.0 = Release|Any CPU
	EndGlobalSection
	GlobalSection(SolutionProperties) = preSolution
		HideSolutionNode = FALSE
	EndGlobalSection
	GlobalSection(ExtensibilityGlobals) = postSolution
		SolutionGuid = {D092F699-9A6B-4EE2-BD6C-4EEAD26CDF06}
	EndGlobalSection
EndGlobal
