
Microsoft Visual Studio Solution File, Format Version 12.00
# Visual Studio 15
VisualStudioVersion = 15.0.28307.106
MinimumVisualStudioVersion = 10.0.40219.1
Project("{FAE04EC0-301F-11D3-BF4B-00C04F79EFBC}") = "P01.SingleInheritance", "P01.SingleInheritance\P01.SingleInheritance.csproj", "{428FD62B-0D17-4331-ACF2-4D22AC50FFFF}"
EndProject
Project("{FAE04EC0-301F-11D3-BF4B-00C04F79EFBC}") = "P02.MultipleInheritance", "P02.MultipleInheritance\P02.MultipleInheritance.csproj", "{74D87E34-0002-4435-AF06-1F09B8669C27}"
EndProject
Project("{FAE04EC0-301F-11D3-BF4B-00C04F79EFBC}") = "P03.HierarchicalInheritance", "P03.HierarchicalInheritance\P03.HierarchicalInheritance.csproj", "{A0D1AE27-05BC-48E7-99E9-A6A2CBECE03B}"
EndProject
Project("{FAE04EC0-301F-11D3-BF4B-00C04F79EFBC}") = "P04.RandomList", "P04.RandomList\P04.RandomList.csproj", "{D96B5D4F-EB46-4E4A-8324-30C941523D27}"
EndProject
Project("{FAE04EC0-301F-11D3-BF4B-00C04F79EFBC}") = "P05.StackOfStrings", "P05.StackOfStrings\P05.StackOfStrings.csproj", "{62D0F337-0092-4C72-82B7-A326D0147F3B}"
EndProject
Global
	GlobalSection(SolutionConfigurationPlatforms) = preSolution
		Debug|Any CPU = Debug|Any CPU
		Release|Any CPU = Release|Any CPU
	EndGlobalSection
	GlobalSection(ProjectConfigurationPlatforms) = postSolution
		{428FD62B-0D17-4331-ACF2-4D22AC50FFFF}.Debug|Any CPU.ActiveCfg = Debug|Any CPU
		{428FD62B-0D17-4331-ACF2-4D22AC50FFFF}.Debug|Any CPU.Build.0 = Debug|Any CPU
		{428FD62B-0D17-4331-ACF2-4D22AC50FFFF}.Release|Any CPU.ActiveCfg = Release|Any CPU
		{428FD62B-0D17-4331-ACF2-4D22AC50FFFF}.Release|Any CPU.Build.0 = Release|Any CPU
		{74D87E34-0002-4435-AF06-1F09B8669C27}.Debug|Any CPU.ActiveCfg = Debug|Any CPU
		{74D87E34-0002-4435-AF06-1F09B8669C27}.Debug|Any CPU.Build.0 = Debug|Any CPU
		{74D87E34-0002-4435-AF06-1F09B8669C27}.Release|Any CPU.ActiveCfg = Release|Any CPU
		{74D87E34-0002-4435-AF06-1F09B8669C27}.Release|Any CPU.Build.0 = Release|Any CPU
		{A0D1AE27-05BC-48E7-99E9-A6A2CBECE03B}.Debug|Any CPU.ActiveCfg = Debug|Any CPU
		{A0D1AE27-05BC-48E7-99E9-A6A2CBECE03B}.Debug|Any CPU.Build.0 = Debug|Any CPU
		{A0D1AE27-05BC-48E7-99E9-A6A2CBECE03B}.Release|Any CPU.ActiveCfg = Release|Any CPU
		{A0D1AE27-05BC-48E7-99E9-A6A2CBECE03B}.Release|Any CPU.Build.0 = Release|Any CPU
		{D96B5D4F-EB46-4E4A-8324-30C941523D27}.Debug|Any CPU.ActiveCfg = Debug|Any CPU
		{D96B5D4F-EB46-4E4A-8324-30C941523D27}.Debug|Any CPU.Build.0 = Debug|Any CPU
		{D96B5D4F-EB46-4E4A-8324-30C941523D27}.Release|Any CPU.ActiveCfg = Release|Any CPU
		{D96B5D4F-EB46-4E4A-8324-30C941523D27}.Release|Any CPU.Build.0 = Release|Any CPU
		{62D0F337-0092-4C72-82B7-A326D0147F3B}.Debug|Any CPU.ActiveCfg = Debug|Any CPU
		{62D0F337-0092-4C72-82B7-A326D0147F3B}.Debug|Any CPU.Build.0 = Debug|Any CPU
		{62D0F337-0092-4C72-82B7-A326D0147F3B}.Release|Any CPU.ActiveCfg = Release|Any CPU
		{62D0F337-0092-4C72-82B7-A326D0147F3B}.Release|Any CPU.Build.0 = Release|Any CPU
	EndGlobalSection
	GlobalSection(SolutionProperties) = preSolution
		HideSolutionNode = FALSE
	EndGlobalSection
	GlobalSection(ExtensibilityGlobals) = postSolution
		SolutionGuid = {3DA1C9DE-FE47-4E2E-9648-4A4F9EFFEF14}
	EndGlobalSection
EndGlobal
