
Microsoft Visual Studio Solution File, Format Version 12.00
# Visual Studio 15
VisualStudioVersion = 15.0.28307.106
MinimumVisualStudioVersion = 10.0.40219.1
Project("{FAE04EC0-301F-11D3-BF4B-00C04F79EFBC}") = "P01.Stealer", "P01.Stealer\P01.Stealer.csproj", "{C2E9A3DC-ABFC-4922-B11F-6935ADE00B65}"
EndProject
Project("{FAE04EC0-301F-11D3-BF4B-00C04F79EFBC}") = "P02.HighQualityMistakes", "P02.HighQualityMistakes\P02.HighQualityMistakes.csproj", "{5B3C4C23-283E-4C33-A872-B865E36756D9}"
EndProject
Project("{FAE04EC0-301F-11D3-BF4B-00C04F79EFBC}") = "P03.MissionPrivateImpossible", "P03.MissionPrivateImpossible\P03.MissionPrivateImpossible.csproj", "{60E979A3-EBD7-44F7-A49E-842DFEF7822A}"
EndProject
Project("{FAE04EC0-301F-11D3-BF4B-00C04F79EFBC}") = "P04.Collector", "P04.Collector\P04.Collector.csproj", "{82414E54-03FD-4D89-B534-64629F933B4F}"
EndProject
Project("{FAE04EC0-301F-11D3-BF4B-00C04F79EFBC}") = "P05.CreateAttribute", "P05.CreateAttribute\P05.CreateAttribute.csproj", "{E4CF1052-DF6E-425D-AE2C-CCBFD19EE577}"
EndProject
Project("{FAE04EC0-301F-11D3-BF4B-00C04F79EFBC}") = "P06.CodeTracker", "P06.CodeTracker\P06.CodeTracker.csproj", "{52E7BDC7-02D3-4AEE-BDCD-DE08B3336363}"
EndProject
Global
	GlobalSection(SolutionConfigurationPlatforms) = preSolution
		Debug|Any CPU = Debug|Any CPU
		Release|Any CPU = Release|Any CPU
	EndGlobalSection
	GlobalSection(ProjectConfigurationPlatforms) = postSolution
		{C2E9A3DC-ABFC-4922-B11F-6935ADE00B65}.Debug|Any CPU.ActiveCfg = Debug|Any CPU
		{C2E9A3DC-ABFC-4922-B11F-6935ADE00B65}.Debug|Any CPU.Build.0 = Debug|Any CPU
		{C2E9A3DC-ABFC-4922-B11F-6935ADE00B65}.Release|Any CPU.ActiveCfg = Release|Any CPU
		{C2E9A3DC-ABFC-4922-B11F-6935ADE00B65}.Release|Any CPU.Build.0 = Release|Any CPU
		{5B3C4C23-283E-4C33-A872-B865E36756D9}.Debug|Any CPU.ActiveCfg = Debug|Any CPU
		{5B3C4C23-283E-4C33-A872-B865E36756D9}.Debug|Any CPU.Build.0 = Debug|Any CPU
		{5B3C4C23-283E-4C33-A872-B865E36756D9}.Release|Any CPU.ActiveCfg = Release|Any CPU
		{5B3C4C23-283E-4C33-A872-B865E36756D9}.Release|Any CPU.Build.0 = Release|Any CPU
		{60E979A3-EBD7-44F7-A49E-842DFEF7822A}.Debug|Any CPU.ActiveCfg = Debug|Any CPU
		{60E979A3-EBD7-44F7-A49E-842DFEF7822A}.Debug|Any CPU.Build.0 = Debug|Any CPU
		{60E979A3-EBD7-44F7-A49E-842DFEF7822A}.Release|Any CPU.ActiveCfg = Release|Any CPU
		{60E979A3-EBD7-44F7-A49E-842DFEF7822A}.Release|Any CPU.Build.0 = Release|Any CPU
		{82414E54-03FD-4D89-B534-64629F933B4F}.Debug|Any CPU.ActiveCfg = Debug|Any CPU
		{82414E54-03FD-4D89-B534-64629F933B4F}.Debug|Any CPU.Build.0 = Debug|Any CPU
		{82414E54-03FD-4D89-B534-64629F933B4F}.Release|Any CPU.ActiveCfg = Release|Any CPU
		{82414E54-03FD-4D89-B534-64629F933B4F}.Release|Any CPU.Build.0 = Release|Any CPU
		{E4CF1052-DF6E-425D-AE2C-CCBFD19EE577}.Debug|Any CPU.ActiveCfg = Debug|Any CPU
		{E4CF1052-DF6E-425D-AE2C-CCBFD19EE577}.Debug|Any CPU.Build.0 = Debug|Any CPU
		{E4CF1052-DF6E-425D-AE2C-CCBFD19EE577}.Release|Any CPU.ActiveCfg = Release|Any CPU
		{E4CF1052-DF6E-425D-AE2C-CCBFD19EE577}.Release|Any CPU.Build.0 = Release|Any CPU
		{52E7BDC7-02D3-4AEE-BDCD-DE08B3336363}.Debug|Any CPU.ActiveCfg = Debug|Any CPU
		{52E7BDC7-02D3-4AEE-BDCD-DE08B3336363}.Debug|Any CPU.Build.0 = Debug|Any CPU
		{52E7BDC7-02D3-4AEE-BDCD-DE08B3336363}.Release|Any CPU.ActiveCfg = Release|Any CPU
		{52E7BDC7-02D3-4AEE-BDCD-DE08B3336363}.Release|Any CPU.Build.0 = Release|Any CPU
	EndGlobalSection
	GlobalSection(SolutionProperties) = preSolution
		HideSolutionNode = FALSE
	EndGlobalSection
	GlobalSection(ExtensibilityGlobals) = postSolution
		SolutionGuid = {5ECD517E-D390-4089-A680-7479F11E21D3}
	EndGlobalSection
EndGlobal
